// !$*UTF8*$!
{
	archiveVersion = 1;
	classes = {
	};
	objectVersion = 46;
	objects = {

/* Begin PBXBuildFile section */
		3DEA123D1C81B40D2B56A79A /* libPods-FourSquareSearch.a in Frameworks */ = {isa = PBXBuildFile; fileRef = 46C8DE31F75091CC79716E93 /* libPods-FourSquareSearch.a */; };
		5BEE36C01C7F82C4008560BC /* main.m in Sources */ = {isa = PBXBuildFile; fileRef = 5BEE36BF1C7F82C4008560BC /* main.m */; };
		5BEE36C31C7F82C4008560BC /* AppDelegate.m in Sources */ = {isa = PBXBuildFile; fileRef = 5BEE36C21C7F82C4008560BC /* AppDelegate.m */; };
		5BEE36C91C7F82C4008560BC /* Main.storyboard in Resources */ = {isa = PBXBuildFile; fileRef = 5BEE36C71C7F82C4008560BC /* Main.storyboard */; };
		5BEE36CB1C7F82C4008560BC /* Assets.xcassets in Resources */ = {isa = PBXBuildFile; fileRef = 5BEE36CA1C7F82C4008560BC /* Assets.xcassets */; };
		5BEE36CE1C7F82C4008560BC /* LaunchScreen.storyboard in Resources */ = {isa = PBXBuildFile; fileRef = 5BEE36CC1C7F82C4008560BC /* LaunchScreen.storyboard */; };
		5BEE36D91C7F82C4008560BC /* FourSquareSearchTests.m in Sources */ = {isa = PBXBuildFile; fileRef = 5BEE36D81C7F82C4008560BC /* FourSquareSearchTests.m */; };
		5BEE36FF1C81F032008560BC /* FSNetwork.m in Sources */ = {isa = PBXBuildFile; fileRef = 5BEE36FE1C81F032008560BC /* FSNetwork.m */; };
		5BEE37031C81F57C008560BC /* FSSearchController.m in Sources */ = {isa = PBXBuildFile; fileRef = 5BEE37021C81F57C008560BC /* FSSearchController.m */; };
		5BEE37071C81F706008560BC /* FSSearchPresenter.m in Sources */ = {isa = PBXBuildFile; fileRef = 5BEE37061C81F706008560BC /* FSSearchPresenter.m */; };
		5BEE370D1C820302008560BC /* FSLocation.m in Sources */ = {isa = PBXBuildFile; fileRef = 5BEE370C1C820302008560BC /* FSLocation.m */; };
		5BEE37101C82030E008560BC /* FSVenue.m in Sources */ = {isa = PBXBuildFile; fileRef = 5BEE370F1C82030E008560BC /* FSVenue.m */; };
		5BEE37131C820340008560BC /* FSContact.m in Sources */ = {isa = PBXBuildFile; fileRef = 5BEE37121C820340008560BC /* FSContact.m */; };
		5BEE37161C820384008560BC /* FSModel.m in Sources */ = {isa = PBXBuildFile; fileRef = 5BEE37151C820384008560BC /* FSModel.m */; };
		5BEE371A1C8208D1008560BC /* FSLocationManager.m in Sources */ = {isa = PBXBuildFile; fileRef = 5BEE37191C8208D1008560BC /* FSLocationManager.m */; };
		F6509E00392865A935D76FE2 /* libPods-FourSquareSearchTests.a in Frameworks */ = {isa = PBXBuildFile; fileRef = 9FB663E748D5F4FC55C8D18B /* libPods-FourSquareSearchTests.a */; };
/* End PBXBuildFile section */

/* Begin PBXContainerItemProxy section */
		5BEE36D51C7F82C4008560BC /* PBXContainerItemProxy */ = {
			isa = PBXContainerItemProxy;
			containerPortal = 5BEE36B31C7F82C4008560BC /* Project object */;
			proxyType = 1;
			remoteGlobalIDString = 5BEE36BA1C7F82C4008560BC;
			remoteInfo = FourSquareSearch;
		};
/* End PBXContainerItemProxy section */

/* Begin PBXFileReference section */
		46C8DE31F75091CC79716E93 /* libPods-FourSquareSearch.a */ = {isa = PBXFileReference; explicitFileType = archive.ar; includeInIndex = 0; path = "libPods-FourSquareSearch.a"; sourceTree = BUILT_PRODUCTS_DIR; };
		5BEE36BB1C7F82C4008560BC /* FourSquareSearch.app */ = {isa = PBXFileReference; explicitFileType = wrapper.application; includeInIndex = 0; path = FourSquareSearch.app; sourceTree = BUILT_PRODUCTS_DIR; };
		5BEE36BF1C7F82C4008560BC /* main.m */ = {isa = PBXFileReference; lastKnownFileType = sourcecode.c.objc; path = main.m; sourceTree = "<group>"; };
		5BEE36C11C7F82C4008560BC /* AppDelegate.h */ = {isa = PBXFileReference; lastKnownFileType = sourcecode.c.h; path = AppDelegate.h; sourceTree = "<group>"; };
		5BEE36C21C7F82C4008560BC /* AppDelegate.m */ = {isa = PBXFileReference; lastKnownFileType = sourcecode.c.objc; path = AppDelegate.m; sourceTree = "<group>"; };
		5BEE36C81C7F82C4008560BC /* Base */ = {isa = PBXFileReference; lastKnownFileType = file.storyboard; name = Base; path = Base.lproj/Main.storyboard; sourceTree = "<group>"; };
		5BEE36CA1C7F82C4008560BC /* Assets.xcassets */ = {isa = PBXFileReference; lastKnownFileType = folder.assetcatalog; path = Assets.xcassets; sourceTree = "<group>"; };
		5BEE36CD1C7F82C4008560BC /* Base */ = {isa = PBXFileReference; lastKnownFileType = file.storyboard; name = Base; path = Base.lproj/LaunchScreen.storyboard; sourceTree = "<group>"; };
		5BEE36CF1C7F82C4008560BC /* Info.plist */ = {isa = PBXFileReference; lastKnownFileType = text.plist.xml; path = Info.plist; sourceTree = "<group>"; };
		5BEE36D41C7F82C4008560BC /* FourSquareSearchTests.xctest */ = {isa = PBXFileReference; explicitFileType = wrapper.cfbundle; includeInIndex = 0; path = FourSquareSearchTests.xctest; sourceTree = BUILT_PRODUCTS_DIR; };
		5BEE36D81C7F82C4008560BC /* FourSquareSearchTests.m */ = {isa = PBXFileReference; lastKnownFileType = sourcecode.c.objc; path = FourSquareSearchTests.m; sourceTree = "<group>"; };
		5BEE36DA1C7F82C4008560BC /* Info.plist */ = {isa = PBXFileReference; lastKnownFileType = text.plist.xml; path = Info.plist; sourceTree = "<group>"; };
		5BEE36FD1C81F032008560BC /* FSNetwork.h */ = {isa = PBXFileReference; fileEncoding = 4; lastKnownFileType = sourcecode.c.h; path = FSNetwork.h; sourceTree = "<group>"; };
		5BEE36FE1C81F032008560BC /* FSNetwork.m */ = {isa = PBXFileReference; fileEncoding = 4; lastKnownFileType = sourcecode.c.objc; path = FSNetwork.m; sourceTree = "<group>"; };
		5BEE37011C81F57C008560BC /* FSSearchController.h */ = {isa = PBXFileReference; fileEncoding = 4; lastKnownFileType = sourcecode.c.h; path = FSSearchController.h; sourceTree = "<group>"; };
		5BEE37021C81F57C008560BC /* FSSearchController.m */ = {isa = PBXFileReference; fileEncoding = 4; lastKnownFileType = sourcecode.c.objc; path = FSSearchController.m; sourceTree = "<group>"; };
		5BEE37051C81F706008560BC /* FSSearchPresenter.h */ = {isa = PBXFileReference; fileEncoding = 4; lastKnownFileType = sourcecode.c.h; path = FSSearchPresenter.h; sourceTree = "<group>"; };
		5BEE37061C81F706008560BC /* FSSearchPresenter.m */ = {isa = PBXFileReference; fileEncoding = 4; lastKnownFileType = sourcecode.c.objc; path = FSSearchPresenter.m; sourceTree = "<group>"; };
		5BEE37091C81F81F008560BC /* FSSearchView.h */ = {isa = PBXFileReference; lastKnownFileType = sourcecode.c.h; path = FSSearchView.h; sourceTree = "<group>"; };
		5BEE370B1C820302008560BC /* FSLocation.h */ = {isa = PBXFileReference; fileEncoding = 4; lastKnownFileType = sourcecode.c.h; path = FSLocation.h; sourceTree = "<group>"; };
		5BEE370C1C820302008560BC /* FSLocation.m */ = {isa = PBXFileReference; fileEncoding = 4; lastKnownFileType = sourcecode.c.objc; path = FSLocation.m; sourceTree = "<group>"; };
		5BEE370E1C82030E008560BC /* FSVenue.h */ = {isa = PBXFileReference; fileEncoding = 4; lastKnownFileType = sourcecode.c.h; path = FSVenue.h; sourceTree = "<group>"; };
		5BEE370F1C82030E008560BC /* FSVenue.m */ = {isa = PBXFileReference; fileEncoding = 4; lastKnownFileType = sourcecode.c.objc; path = FSVenue.m; sourceTree = "<group>"; };
		5BEE37111C820340008560BC /* FSContact.h */ = {isa = PBXFileReference; fileEncoding = 4; lastKnownFileType = sourcecode.c.h; path = FSContact.h; sourceTree = "<group>"; };
		5BEE37121C820340008560BC /* FSContact.m */ = {isa = PBXFileReference; fileEncoding = 4; lastKnownFileType = sourcecode.c.objc; path = FSContact.m; sourceTree = "<group>"; };
		5BEE37141C820384008560BC /* FSModel.h */ = {isa = PBXFileReference; fileEncoding = 4; lastKnownFileType = sourcecode.c.h; path = FSModel.h; sourceTree = "<group>"; };
		5BEE37151C820384008560BC /* FSModel.m */ = {isa = PBXFileReference; fileEncoding = 4; lastKnownFileType = sourcecode.c.objc; path = FSModel.m; sourceTree = "<group>"; };
		5BEE37181C8208D1008560BC /* FSLocationManager.h */ = {isa = PBXFileReference; fileEncoding = 4; lastKnownFileType = sourcecode.c.h; path = FSLocationManager.h; sourceTree = "<group>"; };
		5BEE37191C8208D1008560BC /* FSLocationManager.m */ = {isa = PBXFileReference; fileEncoding = 4; lastKnownFileType = sourcecode.c.objc; path = FSLocationManager.m; sourceTree = "<group>"; };
		6DC6D30A698E3D4C45765E03 /* Pods-FourSquareSearch.debug.xcconfig */ = {isa = PBXFileReference; includeInIndex = 1; lastKnownFileType = text.xcconfig; name = "Pods-FourSquareSearch.debug.xcconfig"; path = "Pods/Target Support Files/Pods-FourSquareSearch/Pods-FourSquareSearch.debug.xcconfig"; sourceTree = "<group>"; };
		9FB663E748D5F4FC55C8D18B /* libPods-FourSquareSearchTests.a */ = {isa = PBXFileReference; explicitFileType = archive.ar; includeInIndex = 0; path = "libPods-FourSquareSearchTests.a"; sourceTree = BUILT_PRODUCTS_DIR; };
		CBC4201D5DEC1A36C8FCCA2C /* Pods-FourSquareSearchTests.debug.xcconfig */ = {isa = PBXFileReference; includeInIndex = 1; lastKnownFileType = text.xcconfig; name = "Pods-FourSquareSearchTests.debug.xcconfig"; path = "Pods/Target Support Files/Pods-FourSquareSearchTests/Pods-FourSquareSearchTests.debug.xcconfig"; sourceTree = "<group>"; };
		CE4A5791FB7DFC6AC3B906F7 /* Pods-FourSquareSearch.release.xcconfig */ = {isa = PBXFileReference; includeInIndex = 1; lastKnownFileType = text.xcconfig; name = "Pods-FourSquareSearch.release.xcconfig"; path = "Pods/Target Support Files/Pods-FourSquareSearch/Pods-FourSquareSearch.release.xcconfig"; sourceTree = "<group>"; };
		D253F76BDFB22697A615CB0C /* Pods-FourSquareSearchTests.release.xcconfig */ = {isa = PBXFileReference; includeInIndex = 1; lastKnownFileType = text.xcconfig; name = "Pods-FourSquareSearchTests.release.xcconfig"; path = "Pods/Target Support Files/Pods-FourSquareSearchTests/Pods-FourSquareSearchTests.release.xcconfig"; sourceTree = "<group>"; };
/* End PBXFileReference section */

/* Begin PBXFrameworksBuildPhase section */
		5BEE36B81C7F82C4008560BC /* Frameworks */ = {
			isa = PBXFrameworksBuildPhase;
			buildActionMask = 2147483647;
			files = (
				3DEA123D1C81B40D2B56A79A /* libPods-FourSquareSearch.a in Frameworks */,
			);
			runOnlyForDeploymentPostprocessing = 0;
		};
		5BEE36D11C7F82C4008560BC /* Frameworks */ = {
			isa = PBXFrameworksBuildPhase;
			buildActionMask = 2147483647;
			files = (
				F6509E00392865A935D76FE2 /* libPods-FourSquareSearchTests.a in Frameworks */,
			);
			runOnlyForDeploymentPostprocessing = 0;
		};
/* End PBXFrameworksBuildPhase section */

/* Begin PBXGroup section */
		128218028BC38FC0E08F6B77 /* Frameworks */ = {
			isa = PBXGroup;
			children = (
				46C8DE31F75091CC79716E93 /* libPods-FourSquareSearch.a */,
				9FB663E748D5F4FC55C8D18B /* libPods-FourSquareSearchTests.a */,
			);
			name = Frameworks;
			sourceTree = "<group>";
		};
		5157E33397F6E2065007288D /* Pods */ = {
			isa = PBXGroup;
			children = (
				6DC6D30A698E3D4C45765E03 /* Pods-FourSquareSearch.debug.xcconfig */,
				CE4A5791FB7DFC6AC3B906F7 /* Pods-FourSquareSearch.release.xcconfig */,
				CBC4201D5DEC1A36C8FCCA2C /* Pods-FourSquareSearchTests.debug.xcconfig */,
				D253F76BDFB22697A615CB0C /* Pods-FourSquareSearchTests.release.xcconfig */,
			);
			name = Pods;
			sourceTree = "<group>";
		};
		5BEE36B21C7F82C4008560BC = {
			isa = PBXGroup;
			children = (
				5BEE36BD1C7F82C4008560BC /* FourSquareSearch */,
				5BEE36D71C7F82C4008560BC /* FourSquareSearchTests */,
				5BEE36BC1C7F82C4008560BC /* Products */,
				5157E33397F6E2065007288D /* Pods */,
				128218028BC38FC0E08F6B77 /* Frameworks */,
			);
			sourceTree = "<group>";
		};
		5BEE36BC1C7F82C4008560BC /* Products */ = {
			isa = PBXGroup;
			children = (
				5BEE36BB1C7F82C4008560BC /* FourSquareSearch.app */,
				5BEE36D41C7F82C4008560BC /* FourSquareSearchTests.xctest */,
			);
			name = Products;
			sourceTree = "<group>";
		};
		5BEE36BD1C7F82C4008560BC /* FourSquareSearch */ = {
			isa = PBXGroup;
			children = (
				5BEE37001C81F57C008560BC /* ViewControllers */,
				5BEE370A1C8202F3008560BC /* Models */,
				5BEE36E31C7F8321008560BC /* Network */,
				5BEE37171C8208C6008560BC /* LocationManager */,
				5BEE36C11C7F82C4008560BC /* AppDelegate.h */,
				5BEE36C21C7F82C4008560BC /* AppDelegate.m */,
				5BEE36C71C7F82C4008560BC /* Main.storyboard */,
				5BEE36CA1C7F82C4008560BC /* Assets.xcassets */,
				5BEE36CC1C7F82C4008560BC /* LaunchScreen.storyboard */,
				5BEE36CF1C7F82C4008560BC /* Info.plist */,
				5BEE36BE1C7F82C4008560BC /* Supporting Files */,
			);
			path = FourSquareSearch;
			sourceTree = "<group>";
		};
		5BEE36BE1C7F82C4008560BC /* Supporting Files */ = {
			isa = PBXGroup;
			children = (
				5BEE36BF1C7F82C4008560BC /* main.m */,
			);
			name = "Supporting Files";
			sourceTree = "<group>";
		};
		5BEE36D71C7F82C4008560BC /* FourSquareSearchTests */ = {
			isa = PBXGroup;
			children = (
				5BEE36D81C7F82C4008560BC /* FourSquareSearchTests.m */,
				5BEE36DA1C7F82C4008560BC /* Info.plist */,
			);
			path = FourSquareSearchTests;
			sourceTree = "<group>";
		};
		5BEE36E31C7F8321008560BC /* Network */ = {
			isa = PBXGroup;
			children = (
				5BEE36FD1C81F032008560BC /* FSNetwork.h */,
				5BEE36FE1C81F032008560BC /* FSNetwork.m */,
			);
			path = Network;
			sourceTree = "<group>";
		};
		5BEE37001C81F57C008560BC /* ViewControllers */ = {
			isa = PBXGroup;
			children = (
				5BEE37041C81F6F1008560BC /* ViewPresenter */,
				5BEE37011C81F57C008560BC /* FSSearchController.h */,
				5BEE37021C81F57C008560BC /* FSSearchController.m */,
			);
			path = ViewControllers;
			sourceTree = "<group>";
		};
		5BEE37041C81F6F1008560BC /* ViewPresenter */ = {
			isa = PBXGroup;
			children = (
				5BEE37051C81F706008560BC /* FSSearchPresenter.h */,
				5BEE37061C81F706008560BC /* FSSearchPresenter.m */,
				5BEE37091C81F81F008560BC /* FSSearchView.h */,
			);
			path = ViewPresenter;
			sourceTree = "<group>";
		};
		5BEE370A1C8202F3008560BC /* Models */ = {
			isa = PBXGroup;
			children = (
				5BEE37141C820384008560BC /* FSModel.h */,
				5BEE37151C820384008560BC /* FSModel.m */,
				5BEE370B1C820302008560BC /* FSLocation.h */,
				5BEE370C1C820302008560BC /* FSLocation.m */,
				5BEE370E1C82030E008560BC /* FSVenue.h */,
				5BEE370F1C82030E008560BC /* FSVenue.m */,
				5BEE37111C820340008560BC /* FSContact.h */,
				5BEE37121C820340008560BC /* FSContact.m */,
			);
			path = Models;
			sourceTree = "<group>";
		};
		5BEE37171C8208C6008560BC /* LocationManager */ = {
			isa = PBXGroup;
			children = (
				5BEE37181C8208D1008560BC /* FSLocationManager.h */,
				5BEE37191C8208D1008560BC /* FSLocationManager.m */,
			);
			path = LocationManager;
			sourceTree = "<group>";
		};
/* End PBXGroup section */

/* Begin PBXNativeTarget section */
		5BEE36BA1C7F82C4008560BC /* FourSquareSearch */ = {
			isa = PBXNativeTarget;
			buildConfigurationList = 5BEE36DD1C7F82C4008560BC /* Build configuration list for PBXNativeTarget "FourSquareSearch" */;
			buildPhases = (
				77C8C892E12AD3B3EEE6E241 /* Check Pods Manifest.lock */,
				5BEE36B71C7F82C4008560BC /* Sources */,
				5BEE36B81C7F82C4008560BC /* Frameworks */,
				5BEE36B91C7F82C4008560BC /* Resources */,
				A7A97E8033BA8BD3183AF365 /* Embed Pods Frameworks */,
				F57C0ECABCF7C4B3DC43EBD3 /* Copy Pods Resources */,
			);
			buildRules = (
			);
			dependencies = (
			);
			name = FourSquareSearch;
			productName = FourSquareSearch;
			productReference = 5BEE36BB1C7F82C4008560BC /* FourSquareSearch.app */;
			productType = "com.apple.product-type.application";
		};
		5BEE36D31C7F82C4008560BC /* FourSquareSearchTests */ = {
			isa = PBXNativeTarget;
			buildConfigurationList = 5BEE36E01C7F82C4008560BC /* Build configuration list for PBXNativeTarget "FourSquareSearchTests" */;
			buildPhases = (
				A81FAD9F7FC839F44A66EA14 /* Check Pods Manifest.lock */,
				5BEE36D01C7F82C4008560BC /* Sources */,
				5BEE36D11C7F82C4008560BC /* Frameworks */,
				5BEE36D21C7F82C4008560BC /* Resources */,
				CD4EDA7DC618534F2E66130D /* Embed Pods Frameworks */,
				9F15C7848CAF755E460F8B45 /* Copy Pods Resources */,
			);
			buildRules = (
			);
			dependencies = (
				5BEE36D61C7F82C4008560BC /* PBXTargetDependency */,
			);
			name = FourSquareSearchTests;
			productName = FourSquareSearchTests;
			productReference = 5BEE36D41C7F82C4008560BC /* FourSquareSearchTests.xctest */;
			productType = "com.apple.product-type.bundle.unit-test";
		};
/* End PBXNativeTarget section */

/* Begin PBXProject section */
		5BEE36B31C7F82C4008560BC /* Project object */ = {
			isa = PBXProject;
			attributes = {
				LastUpgradeCheck = 0720;
				ORGANIZATIONNAME = "Martin Herholdt Rasmussen";
				TargetAttributes = {
					5BEE36BA1C7F82C4008560BC = {
						CreatedOnToolsVersion = 7.2.1;
					};
					5BEE36D31C7F82C4008560BC = {
						CreatedOnToolsVersion = 7.2.1;
						TestTargetID = 5BEE36BA1C7F82C4008560BC;
					};
				};
			};
			buildConfigurationList = 5BEE36B61C7F82C4008560BC /* Build configuration list for PBXProject "FourSquareSearch" */;
			compatibilityVersion = "Xcode 3.2";
			developmentRegion = English;
			hasScannedForEncodings = 0;
			knownRegions = (
				en,
				Base,
			);
			mainGroup = 5BEE36B21C7F82C4008560BC;
			productRefGroup = 5BEE36BC1C7F82C4008560BC /* Products */;
			projectDirPath = "";
			projectRoot = "";
			targets = (
				5BEE36BA1C7F82C4008560BC /* FourSquareSearch */,
				5BEE36D31C7F82C4008560BC /* FourSquareSearchTests */,
			);
		};
/* End PBXProject section */

/* Begin PBXResourcesBuildPhase section */
		5BEE36B91C7F82C4008560BC /* Resources */ = {
			isa = PBXResourcesBuildPhase;
			buildActionMask = 2147483647;
			files = (
				5BEE36CE1C7F82C4008560BC /* LaunchScreen.storyboard in Resources */,
				5BEE36CB1C7F82C4008560BC /* Assets.xcassets in Resources */,
				5BEE36C91C7F82C4008560BC /* Main.storyboard in Resources */,
			);
			runOnlyForDeploymentPostprocessing = 0;
		};
		5BEE36D21C7F82C4008560BC /* Resources */ = {
			isa = PBXResourcesBuildPhase;
			buildActionMask = 2147483647;
			files = (
			);
			runOnlyForDeploymentPostprocessing = 0;
		};
/* End PBXResourcesBuildPhase section */

/* Begin PBXShellScriptBuildPhase section */
		77C8C892E12AD3B3EEE6E241 /* Check Pods Manifest.lock */ = {
			isa = PBXShellScriptBuildPhase;
			buildActionMask = 2147483647;
			files = (
			);
			inputPaths = (
			);
			name = "Check Pods Manifest.lock";
			outputPaths = (
			);
			runOnlyForDeploymentPostprocessing = 0;
			shellPath = /bin/sh;
			shellScript = "diff \"${PODS_ROOT}/../Podfile.lock\" \"${PODS_ROOT}/Manifest.lock\" > /dev/null\nif [[ $? != 0 ]] ; then\n    cat << EOM\nerror: The sandbox is not in sync with the Podfile.lock. Run 'pod install' or update your CocoaPods installation.\nEOM\n    exit 1\nfi\n";
			showEnvVarsInLog = 0;
		};
		9F15C7848CAF755E460F8B45 /* Copy Pods Resources */ = {
			isa = PBXShellScriptBuildPhase;
			buildActionMask = 2147483647;
			files = (
			);
			inputPaths = (
			);
			name = "Copy Pods Resources";
			outputPaths = (
			);
			runOnlyForDeploymentPostprocessing = 0;
			shellPath = /bin/sh;
			shellScript = "\"${SRCROOT}/Pods/Target Support Files/Pods-FourSquareSearchTests/Pods-FourSquareSearchTests-resources.sh\"\n";
			showEnvVarsInLog = 0;
		};
		A7A97E8033BA8BD3183AF365 /* Embed Pods Frameworks */ = {
			isa = PBXShellScriptBuildPhase;
			buildActionMask = 2147483647;
			files = (
			);
			inputPaths = (
			);
			name = "Embed Pods Frameworks";
			outputPaths = (
			);
			runOnlyForDeploymentPostprocessing = 0;
			shellPath = /bin/sh;
			shellScript = "\"${SRCROOT}/Pods/Target Support Files/Pods-FourSquareSearch/Pods-FourSquareSearch-frameworks.sh\"\n";
			showEnvVarsInLog = 0;
		};
		A81FAD9F7FC839F44A66EA14 /* Check Pods Manifest.lock */ = {
			isa = PBXShellScriptBuildPhase;
			buildActionMask = 2147483647;
			files = (
			);
			inputPaths = (
			);
			name = "Check Pods Manifest.lock";
			outputPaths = (
			);
			runOnlyForDeploymentPostprocessing = 0;
			shellPath = /bin/sh;
			shellScript = "diff \"${PODS_ROOT}/../Podfile.lock\" \"${PODS_ROOT}/Manifest.lock\" > /dev/null\nif [[ $? != 0 ]] ; then\n    cat << EOM\nerror: The sandbox is not in sync with the Podfile.lock. Run 'pod install' or update your CocoaPods installation.\nEOM\n    exit 1\nfi\n";
			showEnvVarsInLog = 0;
		};
		CD4EDA7DC618534F2E66130D /* Embed Pods Frameworks */ = {
			isa = PBXShellScriptBuildPhase;
			buildActionMask = 2147483647;
			files = (
			);
			inputPaths = (
			);
			name = "Embed Pods Frameworks";
			outputPaths = (
			);
			runOnlyForDeploymentPostprocessing = 0;
			shellPath = /bin/sh;
			shellScript = "\"${SRCROOT}/Pods/Target Support Files/Pods-FourSquareSearchTests/Pods-FourSquareSearchTests-frameworks.sh\"\n";
			showEnvVarsInLog = 0;
		};
		F57C0ECABCF7C4B3DC43EBD3 /* Copy Pods Resources */ = {
			isa = PBXShellScriptBuildPhase;
			buildActionMask = 2147483647;
			files = (
			);
			inputPaths = (
			);
			name = "Copy Pods Resources";
			outputPaths = (
			);
			runOnlyForDeploymentPostprocessing = 0;
			shellPath = /bin/sh;
			shellScript = "\"${SRCROOT}/Pods/Target Support Files/Pods-FourSquareSearch/Pods-FourSquareSearch-resources.sh\"\n";
			showEnvVarsInLog = 0;
		};
/* End PBXShellScriptBuildPhase section */

/* Begin PBXSourcesBuildPhase section */
		5BEE36B71C7F82C4008560BC /* Sources */ = {
			isa = PBXSourcesBuildPhase;
			buildActionMask = 2147483647;
			files = (
				5BEE36FF1C81F032008560BC /* FSNetwork.m in Sources */,
				5BEE37101C82030E008560BC /* FSVenue.m in Sources */,
				5BEE36C31C7F82C4008560BC /* AppDelegate.m in Sources */,
				5BEE37131C820340008560BC /* FSContact.m in Sources */,
				5BEE36C01C7F82C4008560BC /* main.m in Sources */,
				5BEE37071C81F706008560BC /* FSSearchPresenter.m in Sources */,
				5BEE371A1C8208D1008560BC /* FSLocationManager.m in Sources */,
				5BEE37031C81F57C008560BC /* FSSearchController.m in Sources */,
				5BEE37161C820384008560BC /* FSModel.m in Sources */,
				5BEE370D1C820302008560BC /* FSLocation.m in Sources */,
			);
			runOnlyForDeploymentPostprocessing = 0;
		};
		5BEE36D01C7F82C4008560BC /* Sources */ = {
			isa = PBXSourcesBuildPhase;
			buildActionMask = 2147483647;
			files = (
				5BEE36D91C7F82C4008560BC /* FourSquareSearchTests.m in Sources */,
			);
			runOnlyForDeploymentPostprocessing = 0;
		};
/* End PBXSourcesBuildPhase section */

/* Begin PBXTargetDependency section */
		5BEE36D61C7F82C4008560BC /* PBXTargetDependency */ = {
			isa = PBXTargetDependency;
			target = 5BEE36BA1C7F82C4008560BC /* FourSquareSearch */;
			targetProxy = 5BEE36D51C7F82C4008560BC /* PBXContainerItemProxy */;
		};
/* End PBXTargetDependency section */

/* Begin PBXVariantGroup section */
		5BEE36C71C7F82C4008560BC /* Main.storyboard */ = {
			isa = PBXVariantGroup;
			children = (
				5BEE36C81C7F82C4008560BC /* Base */,
			);
			name = Main.storyboard;
			sourceTree = "<group>";
		};
		5BEE36CC1C7F82C4008560BC /* LaunchScreen.storyboard */ = {
			isa = PBXVariantGroup;
			children = (
				5BEE36CD1C7F82C4008560BC /* Base */,
			);
			name = LaunchScreen.storyboard;
			sourceTree = "<group>";
		};
/* End PBXVariantGroup section */

/* Begin XCBuildConfiguration section */
		5BEE36DB1C7F82C4008560BC /* Debug */ = {
			isa = XCBuildConfiguration;
			buildSettings = {
				ALWAYS_SEARCH_USER_PATHS = NO;
				CLANG_CXX_LANGUAGE_STANDARD = "gnu++0x";
				CLANG_CXX_LIBRARY = "libc++";
				CLANG_ENABLE_MODULES = YES;
				CLANG_ENABLE_OBJC_ARC = YES;
				CLANG_WARN_BOOL_CONVERSION = YES;
				CLANG_WARN_CONSTANT_CONVERSION = YES;
				CLANG_WARN_DIRECT_OBJC_ISA_USAGE = YES_ERROR;
				CLANG_WARN_EMPTY_BODY = YES;
				CLANG_WARN_ENUM_CONVERSION = YES;
				CLANG_WARN_INT_CONVERSION = YES;
				CLANG_WARN_OBJC_ROOT_CLASS = YES_ERROR;
				CLANG_WARN_UNREACHABLE_CODE = YES;
				CLANG_WARN__DUPLICATE_METHOD_MATCH = YES;
				"CODE_SIGN_IDENTITY[sdk=iphoneos*]" = "iPhone Developer";
				COPY_PHASE_STRIP = NO;
				DEBUG_INFORMATION_FORMAT = dwarf;
				ENABLE_STRICT_OBJC_MSGSEND = YES;
				ENABLE_TESTABILITY = YES;
				GCC_C_LANGUAGE_STANDARD = gnu99;
				GCC_DYNAMIC_NO_PIC = NO;
				GCC_NO_COMMON_BLOCKS = YES;
				GCC_OPTIMIZATION_LEVEL = 0;
				GCC_PREPROCESSOR_DEFINITIONS = (
					"DEBUG=1",
					"$(inherited)",
				);
				GCC_WARN_64_TO_32_BIT_CONVERSION = YES;
				GCC_WARN_ABOUT_RETURN_TYPE = YES_ERROR;
				GCC_WARN_UNDECLARED_SELECTOR = YES;
				GCC_WARN_UNINITIALIZED_AUTOS = YES_AGGRESSIVE;
				GCC_WARN_UNUSED_FUNCTION = YES;
				GCC_WARN_UNUSED_VARIABLE = YES;
				IPHONEOS_DEPLOYMENT_TARGET = 9.2;
				MTL_ENABLE_DEBUG_INFO = YES;
				ONLY_ACTIVE_ARCH = YES;
				SDKROOT = iphoneos;
			};
			name = Debug;
		};
		5BEE36DC1C7F82C4008560BC /* Release */ = {
			isa = XCBuildConfiguration;
			buildSettings = {
				ALWAYS_SEARCH_USER_PATHS = NO;
				CLANG_CXX_LANGUAGE_STANDARD = "gnu++0x";
				CLANG_CXX_LIBRARY = "libc++";
				CLANG_ENABLE_MODULES = YES;
				CLANG_ENABLE_OBJC_ARC = YES;
				CLANG_WARN_BOOL_CONVERSION = YES;
				CLANG_WARN_CONSTANT_CONVERSION = YES;
				CLANG_WARN_DIRECT_OBJC_ISA_USAGE = YES_ERROR;
				CLANG_WARN_EMPTY_BODY = YES;
				CLANG_WARN_ENUM_CONVERSION = YES;
				CLANG_WARN_INT_CONVERSION = YES;
				CLANG_WARN_OBJC_ROOT_CLASS = YES_ERROR;
				CLANG_WARN_UNREACHABLE_CODE = YES;
				CLANG_WARN__DUPLICATE_METHOD_MATCH = YES;
				"CODE_SIGN_IDENTITY[sdk=iphoneos*]" = "iPhone Developer";
				COPY_PHASE_STRIP = NO;
				DEBUG_INFORMATION_FORMAT = "dwarf-with-dsym";
				ENABLE_NS_ASSERTIONS = NO;
				ENABLE_STRICT_OBJC_MSGSEND = YES;
				GCC_C_LANGUAGE_STANDARD = gnu99;
				GCC_NO_COMMON_BLOCKS = YES;
				GCC_WARN_64_TO_32_BIT_CONVERSION = YES;
				GCC_WARN_ABOUT_RETURN_TYPE = YES_ERROR;
				GCC_WARN_UNDECLARED_SELECTOR = YES;
				GCC_WARN_UNINITIALIZED_AUTOS = YES_AGGRESSIVE;
				GCC_WARN_UNUSED_FUNCTION = YES;
				GCC_WARN_UNUSED_VARIABLE = YES;
				IPHONEOS_DEPLOYMENT_TARGET = 9.2;
				MTL_ENABLE_DEBUG_INFO = NO;
				SDKROOT = iphoneos;
				VALIDATE_PRODUCT = YES;
			};
			name = Release;
		};
		5BEE36DE1C7F82C4008560BC /* Debug */ = {
			isa = XCBuildConfiguration;
			baseConfigurationReference = 6DC6D30A698E3D4C45765E03 /* Pods-FourSquareSearch.debug.xcconfig */;
			buildSettings = {
				ASSETCATALOG_COMPILER_APPICON_NAME = AppIcon;
				INFOPLIST_FILE = FourSquareSearch/Info.plist;
				LD_RUNPATH_SEARCH_PATHS = "$(inherited) @executable_path/Frameworks";
				PRODUCT_BUNDLE_IDENTIFIER = com.mhra.FourSquareSearch;
				PRODUCT_NAME = "$(TARGET_NAME)";
			};
			name = Debug;
		};
		5BEE36DF1C7F82C4008560BC /* Release */ = {
			isa = XCBuildConfiguration;
			baseConfigurationReference = CE4A5791FB7DFC6AC3B906F7 /* Pods-FourSquareSearch.release.xcconfig */;
			buildSettings = {
				ASSETCATALOG_COMPILER_APPICON_NAME = AppIcon;
				INFOPLIST_FILE = FourSquareSearch/Info.plist;
				LD_RUNPATH_SEARCH_PATHS = "$(inherited) @executable_path/Frameworks";
				PRODUCT_BUNDLE_IDENTIFIER = com.mhra.FourSquareSearch;
				PRODUCT_NAME = "$(TARGET_NAME)";
			};
			name = Release;
		};
		5BEE36E11C7F82C4008560BC /* Debug */ = {
			isa = XCBuildConfiguration;
			baseConfigurationReference = CBC4201D5DEC1A36C8FCCA2C /* Pods-FourSquareSearchTests.debug.xcconfig */;
			buildSettings = {
				BUNDLE_LOADER = "$(TEST_HOST)";
				INFOPLIST_FILE = FourSquareSearchTests/Info.plist;
				LD_RUNPATH_SEARCH_PATHS = "$(inherited) @executable_path/Frameworks @loader_path/Frameworks";
				PRODUCT_BUNDLE_IDENTIFIER = com.mhra.FourSquareSearchTests;
				PRODUCT_NAME = "$(TARGET_NAME)";
				TEST_HOST = "$(BUILT_PRODUCTS_DIR)/FourSquareSearch.app/FourSquareSearch";
			};
			name = Debug;
		};
		5BEE36E21C7F82C4008560BC /* Release */ = {
			isa = XCBuildConfiguration;
			baseConfigurationReference = D253F76BDFB22697A615CB0C /* Pods-FourSquareSearchTests.release.xcconfig */;
			buildSettings = {
				BUNDLE_LOADER = "$(TEST_HOST)";
				INFOPLIST_FILE = FourSquareSearchTests/Info.plist;
				LD_RUNPATH_SEARCH_PATHS = "$(inherited) @executable_path/Frameworks @loader_path/Frameworks";
				PRODUCT_BUNDLE_IDENTIFIER = com.mhra.FourSquareSearchTests;
				PRODUCT_NAME = "$(TARGET_NAME)";
				TEST_HOST = "$(BUILT_PRODUCTS_DIR)/FourSquareSearch.app/FourSquareSearch";
			};
			name = Release;
		};
/* End XCBuildConfiguration section */

/* Begin XCConfigurationList section */
		5BEE36B61C7F82C4008560BC /* Build configuration list for PBXProject "FourSquareSearch" */ = {
			isa = XCConfigurationList;
			buildConfigurations = (
				5BEE36DB1C7F82C4008560BC /* Debug */,
				5BEE36DC1C7F82C4008560BC /* Release */,
			);
			defaultConfigurationIsVisible = 0;
			defaultConfigurationName = Release;
		};
		5BEE36DD1C7F82C4008560BC /* Build configuration list for PBXNativeTarget "FourSquareSearch" */ = {
			isa = XCConfigurationList;
			buildConfigurations = (
				5BEE36DE1C7F82C4008560BC /* Debug */,
				5BEE36DF1C7F82C4008560BC /* Release */,
			);
			defaultConfigurationIsVisible = 0;
			defaultConfigurationName = Release;
		};
		5BEE36E01C7F82C4008560BC /* Build configuration list for PBXNativeTarget "FourSquareSearchTests" */ = {
			isa = XCConfigurationList;
			buildConfigurations = (
				5BEE36E11C7F82C4008560BC /* Debug */,
				5BEE36E21C7F82C4008560BC /* Release */,
			);
			defaultConfigurationIsVisible = 0;
			defaultConfigurationName = Release;
		};
/* End XCConfigurationList section */
	};
	rootObject = 5BEE36B31C7F82C4008560BC /* Project object */;
}
